
Microsoft Visual Studio Solution File, Format Version 12.00
# Visual Studio Version 16
VisualStudioVersion = 16.0.30320.27
MinimumVisualStudioVersion = 10.0.40219.1
Project("{FAE04EC0-301F-11D3-BF4B-00C04F79EFBC}") = "KiromicBioPharma-Web", "KiromicBioPharma-Web\KiromicBioPharma-Web.csproj", "{5FFC5663-4ABD-4CAA-ADBC-6BC296BB37DA}"
EndProject
Project("{FAE04EC0-301F-11D3-BF4B-00C04F79EFBC}") = "KiromicBioPharma.Application", "KiromicBioPharma.Application\KiromicBioPharma.Application.csproj", "{32BDBFD9-4F6C-441D-BE68-A966BE0BA73A}"
EndProject
Global
	GlobalSection(SolutionConfigurationPlatforms) = preSolution
		Debug|Any CPU = Debug|Any CPU
		Release|Any CPU = Release|Any CPU
	EndGlobalSection
	GlobalSection(ProjectConfigurationPlatforms) = postSolution
		{5FFC5663-4ABD-4CAA-ADBC-6BC296BB37DA}.Debug|Any CPU.ActiveCfg = Debug|Any CPU
		{5FFC5663-4ABD-4CAA-ADBC-6BC296BB37DA}.Debug|Any CPU.Build.0 = Debug|Any CPU
		{5FFC5663-4ABD-4CAA-ADBC-6BC296BB37DA}.Release|Any CPU.ActiveCfg = Release|Any CPU
		{5FFC5663-4ABD-4CAA-ADBC-6BC296BB37DA}.Release|Any CPU.Build.0 = Release|Any CPU
		{32BDBFD9-4F6C-441D-BE68-A966BE0BA73A}.Debug|Any CPU.ActiveCfg = Debug|Any CPU
		{32BDBFD9-4F6C-441D-BE68-A966BE0BA73A}.Debug|Any CPU.Build.0 = Debug|Any CPU
		{32BDBFD9-4F6C-441D-BE68-A966BE0BA73A}.Release|Any CPU.ActiveCfg = Release|Any CPU
		{32BDBFD9-4F6C-441D-BE68-A966BE0BA73A}.Release|Any CPU.Build.0 = Release|Any CPU
	EndGlobalSection
	GlobalSection(SolutionProperties) = preSolution
		HideSolutionNode = FALSE
	EndGlobalSection
	GlobalSection(ExtensibilityGlobals) = postSolution
		SolutionGuid = {9355B992-F14F-421D-BEE8-2ECA3E5808F4}
	EndGlobalSection
EndGlobal
